// !$*UTF8*$!
{
	archiveVersion = 1;
	classes = {
	};
	objectVersion = 56;
	objects = {

/* Begin PBXBuildFile section */
		470A467B2A906CDC00B22D74 /* HTTPClient.swift in Sources */ = {isa = PBXBuildFile; fileRef = 470A467A2A906CDC00B22D74 /* HTTPClient.swift */; };
		470A467D2A906F9400B22D74 /* MockURLProtocol.swift in Sources */ = {isa = PBXBuildFile; fileRef = 470A467C2A906F9400B22D74 /* MockURLProtocol.swift */; };
		470A467F2A9072B800B22D74 /* HTTPClientTest.swift in Sources */ = {isa = PBXBuildFile; fileRef = 470A467E2A9072B800B22D74 /* HTTPClientTest.swift */; };
		470A46812A907FC900B22D74 /* ExchangeRepositoryTest.swift in Sources */ = {isa = PBXBuildFile; fileRef = 470A46802A907FC900B22D74 /* ExchangeRepositoryTest.swift */; };
		470A46832A90855400B22D74 /* TestCase.swift in Sources */ = {isa = PBXBuildFile; fileRef = 470A46822A90855400B22D74 /* TestCase.swift */; };
		470AC1CA2AA526F4000AD45D /* WeatherPageViewController.swift in Sources */ = {isa = PBXBuildFile; fileRef = 470AC1C92AA526F4000AD45D /* WeatherPageViewController.swift */; };
		470C233F2A7A02540044A393 /* ExchangeController.swift in Sources */ = {isa = PBXBuildFile; fileRef = 470C233E2A7A02540044A393 /* ExchangeController.swift */; };
		470C23462A7A11900044A393 /* ExchangeUITests.swift in Sources */ = {isa = PBXBuildFile; fileRef = 470C23452A7A11900044A393 /* ExchangeUITests.swift */; };
		47132B812AA2EB0400761709 /* WeatherViewController.swift in Sources */ = {isa = PBXBuildFile; fileRef = 47132B802AA2EB0400761709 /* WeatherViewController.swift */; };
		47132B832AA2F7D100761709 /* GeocodingRepository.swift in Sources */ = {isa = PBXBuildFile; fileRef = 47132B822AA2F7D100761709 /* GeocodingRepository.swift */; };
		47132B862AA2F8A800761709 /* geocodingJSON.json in Resources */ = {isa = PBXBuildFile; fileRef = 47132B852AA2F8A800761709 /* geocodingJSON.json */; };
		47132B882AA2FB3400761709 /* GeocodingRepositoryTest.swift in Sources */ = {isa = PBXBuildFile; fileRef = 47132B872AA2FB3400761709 /* GeocodingRepositoryTest.swift */; };
		4719B5AD2A97068900638F4B /* TranslateController.swift in Sources */ = {isa = PBXBuildFile; fileRef = 4719B5AC2A97068900638F4B /* TranslateController.swift */; };
		471B64DF2A8CC4A600FFDEEA /* ExchangeRepository.swift in Sources */ = {isa = PBXBuildFile; fileRef = 471B64DE2A8CC4A600FFDEEA /* ExchangeRepository.swift */; };
		471B64E12A8CC98F00FFDEEA /* RatesJSON.json in Resources */ = {isa = PBXBuildFile; fileRef = 471B64E02A8CC98F00FFDEEA /* RatesJSON.json */; };
		472812202AA661F3000830A1 /* WeatherCell.swift in Sources */ = {isa = PBXBuildFile; fileRef = 4728121F2AA661F3000830A1 /* WeatherCell.swift */; };
		4728706E2AA97ECC0013DA68 /* APIKeyTest.swift in Sources */ = {isa = PBXBuildFile; fileRef = 4728706D2AA97ECC0013DA68 /* APIKeyTest.swift */; };
		472870702AA9890C0013DA68 /* geocodingErrorJSON.json in Resources */ = {isa = PBXBuildFile; fileRef = 4728706F2AA9890C0013DA68 /* geocodingErrorJSON.json */; };
		4768BF152A7ED69D005190DC /* UIButton+.swift in Sources */ = {isa = PBXBuildFile; fileRef = 4768BF142A7ED69D005190DC /* UIButton+.swift */; };
		476E8FEE2AA77B940099F0DE /* UILabel+.swift in Sources */ = {isa = PBXBuildFile; fileRef = 476E8FED2AA77B940099F0DE /* UILabel+.swift */; };
		477221A72A73F7230023CA57 /* AppDelegate.swift in Sources */ = {isa = PBXBuildFile; fileRef = 477221A62A73F7230023CA57 /* AppDelegate.swift */; };
		477221A92A73F7230023CA57 /* SceneDelegate.swift in Sources */ = {isa = PBXBuildFile; fileRef = 477221A82A73F7230023CA57 /* SceneDelegate.swift */; };
		477221B02A73F7230023CA57 /* Assets.xcassets in Resources */ = {isa = PBXBuildFile; fileRef = 477221AF2A73F7230023CA57 /* Assets.xcassets */; };
		477221B32A73F7230023CA57 /* LaunchScreen.storyboard in Resources */ = {isa = PBXBuildFile; fileRef = 477221B12A73F7230023CA57 /* LaunchScreen.storyboard */; };
		477625A22A9DA9AF00050EBE /* SelectLanguageController.swift in Sources */ = {isa = PBXBuildFile; fileRef = 477625A12A9DA9AF00050EBE /* SelectLanguageController.swift */; };
		477FE1432A82CB6C005C3481 /* testJSON.json in Resources */ = {isa = PBXBuildFile; fileRef = 477FE1422A82CB6C005C3481 /* testJSON.json */; };
		478524412A9EFFFC003DE666 /* weatherJSON.json in Resources */ = {isa = PBXBuildFile; fileRef = 478524402A9EFFFC003DE666 /* weatherJSON.json */; };
		478524472A9F01D5003DE666 /* WeatherRepository.swift in Sources */ = {isa = PBXBuildFile; fileRef = 478524462A9F01D5003DE666 /* WeatherRepository.swift */; };
		479331282A759EF700952447 /* UIColor+.swift in Sources */ = {isa = PBXBuildFile; fileRef = 479331272A759EF700952447 /* UIColor+.swift */; };
		47A31A072A80A07800ED1A4B /* Exchange.swift in Sources */ = {isa = PBXBuildFile; fileRef = 47A31A062A80A07800ED1A4B /* Exchange.swift */; };
		47A31A092A80A10B00ED1A4B /* ExchangeTest.swift in Sources */ = {isa = PBXBuildFile; fileRef = 47A31A082A80A10B00ED1A4B /* ExchangeTest.swift */; };
		47B6A4D62A946BBA001DA33F /* TabBarControlleur.swift in Sources */ = {isa = PBXBuildFile; fileRef = 47B6A4D52A946BBA001DA33F /* TabBarControlleur.swift */; };
		47B6A4DA2A9479B6001DA33F /* TranslateRepository.swift in Sources */ = {isa = PBXBuildFile; fileRef = 47B6A4D92A9479B6001DA33F /* TranslateRepository.swift */; };
		47C1B5F12AA90809000DB58C /* TranslateErrorJSON.json in Resources */ = {isa = PBXBuildFile; fileRef = 47C1B5F02AA90809000DB58C /* TranslateErrorJSON.json */; };
		47C744D12A91BE39002757DE /* errorJSON.json in Resources */ = {isa = PBXBuildFile; fileRef = 47C744D02A91BE39002757DE /* errorJSON.json */; };
		47CAB08F2A95BFDB00B34B38 /* TranslateJSON.json in Resources */ = {isa = PBXBuildFile; fileRef = 47CAB08E2A95BFDB00B34B38 /* TranslateJSON.json */; };
		47CAB0912A95C53D00B34B38 /* TranslateRepositoryTest.swift in Sources */ = {isa = PBXBuildFile; fileRef = 47CAB0902A95C53D00B34B38 /* TranslateRepositoryTest.swift */; };
		47D05BEB2A9C5F5B00551C81 /* GoogleLanguage.swift in Sources */ = {isa = PBXBuildFile; fileRef = 47D05BEA2A9C5F5B00551C81 /* GoogleLanguage.swift */; };
		47D325002AA19B81005FB70F /* WeatherRepositoryTest.swift in Sources */ = {isa = PBXBuildFile; fileRef = 47D324FF2AA19B81005FB70F /* WeatherRepositoryTest.swift */; };
		47DB13EB2A81FD5D00B4C0C0 /* API.swift in Sources */ = {isa = PBXBuildFile; fileRef = 47DB13EA2A81FD5D00B4C0C0 /* API.swift */; };
		47DB13F32A8200A600B4C0C0 /* Error.swift in Sources */ = {isa = PBXBuildFile; fileRef = 47DB13F22A8200A600B4C0C0 /* Error.swift */; };
		47F09CAA2A853FEF00E52B5E /* APIKey.swift in Sources */ = {isa = PBXBuildFile; fileRef = 47F09CA92A853FEF00E52B5E /* APIKey.swift */; };
		47F3CB052A7B594D000545A6 /* UIViewController+.swift in Sources */ = {isa = PBXBuildFile; fileRef = 47F3CB042A7B594D000545A6 /* UIViewController+.swift */; };
/* End PBXBuildFile section */

/* Begin PBXContainerItemProxy section */
		477221BA2A73F7240023CA57 /* PBXContainerItemProxy */ = {
			isa = PBXContainerItemProxy;
			containerPortal = 4772219B2A73F7230023CA57 /* Project object */;
			proxyType = 1;
			remoteGlobalIDString = 477221A22A73F7230023CA57;
			remoteInfo = baluchon;
		};
		477221C42A73F7240023CA57 /* PBXContainerItemProxy */ = {
			isa = PBXContainerItemProxy;
			containerPortal = 4772219B2A73F7230023CA57 /* Project object */;
			proxyType = 1;
			remoteGlobalIDString = 477221A22A73F7230023CA57;
			remoteInfo = baluchon;
		};
/* End PBXContainerItemProxy section */

/* Begin PBXFileReference section */
		470A467A2A906CDC00B22D74 /* HTTPClient.swift */ = {isa = PBXFileReference; lastKnownFileType = sourcecode.swift; path = HTTPClient.swift; sourceTree = "<group>"; };
		470A467C2A906F9400B22D74 /* MockURLProtocol.swift */ = {isa = PBXFileReference; lastKnownFileType = sourcecode.swift; path = MockURLProtocol.swift; sourceTree = "<group>"; };
		470A467E2A9072B800B22D74 /* HTTPClientTest.swift */ = {isa = PBXFileReference; lastKnownFileType = sourcecode.swift; path = HTTPClientTest.swift; sourceTree = "<group>"; };
		470A46802A907FC900B22D74 /* ExchangeRepositoryTest.swift */ = {isa = PBXFileReference; lastKnownFileType = sourcecode.swift; path = ExchangeRepositoryTest.swift; sourceTree = "<group>"; };
		470A46822A90855400B22D74 /* TestCase.swift */ = {isa = PBXFileReference; lastKnownFileType = sourcecode.swift; path = TestCase.swift; sourceTree = "<group>"; };
		470AC1C92AA526F4000AD45D /* WeatherPageViewController.swift */ = {isa = PBXFileReference; lastKnownFileType = sourcecode.swift; path = WeatherPageViewController.swift; sourceTree = "<group>"; };
		470C233E2A7A02540044A393 /* ExchangeController.swift */ = {isa = PBXFileReference; lastKnownFileType = sourcecode.swift; path = ExchangeController.swift; sourceTree = "<group>"; };
		470C23452A7A11900044A393 /* ExchangeUITests.swift */ = {isa = PBXFileReference; lastKnownFileType = sourcecode.swift; path = ExchangeUITests.swift; sourceTree = "<group>"; };
		47132B802AA2EB0400761709 /* WeatherViewController.swift */ = {isa = PBXFileReference; lastKnownFileType = sourcecode.swift; path = WeatherViewController.swift; sourceTree = "<group>"; };
		47132B822AA2F7D100761709 /* GeocodingRepository.swift */ = {isa = PBXFileReference; lastKnownFileType = sourcecode.swift; path = GeocodingRepository.swift; sourceTree = "<group>"; };
		47132B852AA2F8A800761709 /* geocodingJSON.json */ = {isa = PBXFileReference; lastKnownFileType = text.json; path = geocodingJSON.json; sourceTree = "<group>"; };
		47132B872AA2FB3400761709 /* GeocodingRepositoryTest.swift */ = {isa = PBXFileReference; lastKnownFileType = sourcecode.swift; path = GeocodingRepositoryTest.swift; sourceTree = "<group>"; };
		4719B5AC2A97068900638F4B /* TranslateController.swift */ = {isa = PBXFileReference; lastKnownFileType = sourcecode.swift; path = TranslateController.swift; sourceTree = "<group>"; };
		471B64DE2A8CC4A600FFDEEA /* ExchangeRepository.swift */ = {isa = PBXFileReference; lastKnownFileType = sourcecode.swift; path = ExchangeRepository.swift; sourceTree = "<group>"; };
		471B64E02A8CC98F00FFDEEA /* RatesJSON.json */ = {isa = PBXFileReference; lastKnownFileType = text.json; path = RatesJSON.json; sourceTree = "<group>"; };
		4728121F2AA661F3000830A1 /* WeatherCell.swift */ = {isa = PBXFileReference; lastKnownFileType = sourcecode.swift; path = WeatherCell.swift; sourceTree = "<group>"; };
		4728706D2AA97ECC0013DA68 /* APIKeyTest.swift */ = {isa = PBXFileReference; lastKnownFileType = sourcecode.swift; path = APIKeyTest.swift; sourceTree = "<group>"; };
		4728706F2AA9890C0013DA68 /* geocodingErrorJSON.json */ = {isa = PBXFileReference; lastKnownFileType = text.json; path = geocodingErrorJSON.json; sourceTree = "<group>"; };
		4764D9202AA609AD00D94257 /* baluchon.xctestplan */ = {isa = PBXFileReference; lastKnownFileType = text; name = baluchon.xctestplan; path = ../baluchon.xctestplan; sourceTree = "<group>"; };
		4768BF142A7ED69D005190DC /* UIButton+.swift */ = {isa = PBXFileReference; lastKnownFileType = sourcecode.swift; path = "UIButton+.swift"; sourceTree = "<group>"; };
		476E8FED2AA77B940099F0DE /* UILabel+.swift */ = {isa = PBXFileReference; lastKnownFileType = sourcecode.swift; path = "UILabel+.swift"; sourceTree = "<group>"; };
		477221A32A73F7230023CA57 /* baluchon.app */ = {isa = PBXFileReference; explicitFileType = wrapper.application; includeInIndex = 0; path = baluchon.app; sourceTree = BUILT_PRODUCTS_DIR; };
		477221A62A73F7230023CA57 /* AppDelegate.swift */ = {isa = PBXFileReference; lastKnownFileType = sourcecode.swift; path = AppDelegate.swift; sourceTree = "<group>"; };
		477221A82A73F7230023CA57 /* SceneDelegate.swift */ = {isa = PBXFileReference; lastKnownFileType = sourcecode.swift; path = SceneDelegate.swift; sourceTree = "<group>"; };
		477221AF2A73F7230023CA57 /* Assets.xcassets */ = {isa = PBXFileReference; lastKnownFileType = folder.assetcatalog; path = Assets.xcassets; sourceTree = "<group>"; };
		477221B22A73F7230023CA57 /* Base */ = {isa = PBXFileReference; lastKnownFileType = file.storyboard; name = Base; path = Base.lproj/LaunchScreen.storyboard; sourceTree = "<group>"; };
		477221B42A73F7230023CA57 /* Info.plist */ = {isa = PBXFileReference; lastKnownFileType = text.plist.xml; name = Info.plist; path = baluchon/Ressources/Info.plist; sourceTree = SOURCE_ROOT; };
		477221B92A73F7240023CA57 /* baluchonTests.xctest */ = {isa = PBXFileReference; explicitFileType = wrapper.cfbundle; includeInIndex = 0; path = baluchonTests.xctest; sourceTree = BUILT_PRODUCTS_DIR; };
		477221C32A73F7240023CA57 /* baluchonUITests.xctest */ = {isa = PBXFileReference; explicitFileType = wrapper.cfbundle; includeInIndex = 0; path = baluchonUITests.xctest; sourceTree = BUILT_PRODUCTS_DIR; };
		477625A12A9DA9AF00050EBE /* SelectLanguageController.swift */ = {isa = PBXFileReference; lastKnownFileType = sourcecode.swift; path = SelectLanguageController.swift; sourceTree = "<group>"; };
		477FE1422A82CB6C005C3481 /* testJSON.json */ = {isa = PBXFileReference; lastKnownFileType = text.json; path = testJSON.json; sourceTree = "<group>"; };
		478524402A9EFFFC003DE666 /* weatherJSON.json */ = {isa = PBXFileReference; lastKnownFileType = text.json; path = weatherJSON.json; sourceTree = "<group>"; };
		478524462A9F01D5003DE666 /* WeatherRepository.swift */ = {isa = PBXFileReference; lastKnownFileType = sourcecode.swift; path = WeatherRepository.swift; sourceTree = "<group>"; };
		479331272A759EF700952447 /* UIColor+.swift */ = {isa = PBXFileReference; lastKnownFileType = sourcecode.swift; path = "UIColor+.swift"; sourceTree = "<group>"; };
		47A31A062A80A07800ED1A4B /* Exchange.swift */ = {isa = PBXFileReference; lastKnownFileType = sourcecode.swift; path = Exchange.swift; sourceTree = "<group>"; };
		47A31A082A80A10B00ED1A4B /* ExchangeTest.swift */ = {isa = PBXFileReference; lastKnownFileType = sourcecode.swift; path = ExchangeTest.swift; sourceTree = "<group>"; };
		47B6A4D52A946BBA001DA33F /* TabBarControlleur.swift */ = {isa = PBXFileReference; lastKnownFileType = sourcecode.swift; name = TabBarControlleur.swift; path = baluchon/TabBarControlleur.swift; sourceTree = SOURCE_ROOT; };
		47B6A4D92A9479B6001DA33F /* TranslateRepository.swift */ = {isa = PBXFileReference; lastKnownFileType = sourcecode.swift; path = TranslateRepository.swift; sourceTree = "<group>"; };
		47C1B5F02AA90809000DB58C /* TranslateErrorJSON.json */ = {isa = PBXFileReference; lastKnownFileType = text.json; path = TranslateErrorJSON.json; sourceTree = "<group>"; };
		47C744D02A91BE39002757DE /* errorJSON.json */ = {isa = PBXFileReference; lastKnownFileType = text.json; path = errorJSON.json; sourceTree = "<group>"; };
		47CAB08E2A95BFDB00B34B38 /* TranslateJSON.json */ = {isa = PBXFileReference; lastKnownFileType = text.json; path = TranslateJSON.json; sourceTree = "<group>"; };
		47CAB0902A95C53D00B34B38 /* TranslateRepositoryTest.swift */ = {isa = PBXFileReference; lastKnownFileType = sourcecode.swift; path = TranslateRepositoryTest.swift; sourceTree = "<group>"; };
		47D05BEA2A9C5F5B00551C81 /* GoogleLanguage.swift */ = {isa = PBXFileReference; lastKnownFileType = sourcecode.swift; path = GoogleLanguage.swift; sourceTree = "<group>"; };
		47D324FF2AA19B81005FB70F /* WeatherRepositoryTest.swift */ = {isa = PBXFileReference; lastKnownFileType = sourcecode.swift; path = WeatherRepositoryTest.swift; sourceTree = "<group>"; };
		47DB13EA2A81FD5D00B4C0C0 /* API.swift */ = {isa = PBXFileReference; lastKnownFileType = sourcecode.swift; path = API.swift; sourceTree = "<group>"; };
		47DB13F22A8200A600B4C0C0 /* Error.swift */ = {isa = PBXFileReference; lastKnownFileType = sourcecode.swift; path = Error.swift; sourceTree = "<group>"; };
		47F09CA92A853FEF00E52B5E /* APIKey.swift */ = {isa = PBXFileReference; lastKnownFileType = sourcecode.swift; path = APIKey.swift; sourceTree = "<group>"; };
		47F3CB042A7B594D000545A6 /* UIViewController+.swift */ = {isa = PBXFileReference; lastKnownFileType = sourcecode.swift; path = "UIViewController+.swift"; sourceTree = "<group>"; };
/* End PBXFileReference section */

/* Begin PBXFrameworksBuildPhase section */
		477221A02A73F7230023CA57 /* Frameworks */ = {
			isa = PBXFrameworksBuildPhase;
			buildActionMask = 2147483647;
			files = (
			);
			runOnlyForDeploymentPostprocessing = 0;
		};
		477221B62A73F7240023CA57 /* Frameworks */ = {
			isa = PBXFrameworksBuildPhase;
			buildActionMask = 2147483647;
			files = (
			);
			runOnlyForDeploymentPostprocessing = 0;
		};
		477221C02A73F7240023CA57 /* Frameworks */ = {
			isa = PBXFrameworksBuildPhase;
			buildActionMask = 2147483647;
			files = (
			);
			runOnlyForDeploymentPostprocessing = 0;
		};
/* End PBXFrameworksBuildPhase section */

/* Begin PBXGroup section */
		47132B842AA2F88B00761709 /* geocoding */ = {
			isa = PBXGroup;
			children = (
				47132B872AA2FB3400761709 /* GeocodingRepositoryTest.swift */,
				47132B852AA2F8A800761709 /* geocodingJSON.json */,
				4728706F2AA9890C0013DA68 /* geocodingErrorJSON.json */,
			);
			path = geocoding;
			sourceTree = "<group>";
		};
		4719B5AB2A97061B00638F4B /* Controller */ = {
			isa = PBXGroup;
			children = (
				4719B5AC2A97068900638F4B /* TranslateController.swift */,
				477625A12A9DA9AF00050EBE /* SelectLanguageController.swift */,
			);
			path = Controller;
			sourceTree = "<group>";
		};
		4772219A2A73F7230023CA57 = {
			isa = PBXGroup;
			children = (
				4764D9202AA609AD00D94257 /* baluchon.xctestplan */,
				477221A52A73F7230023CA57 /* baluchon */,
				477221BC2A73F7240023CA57 /* baluchonTests */,
				477221C62A73F7240023CA57 /* baluchonUITests */,
				477221A42A73F7230023CA57 /* Products */,
			);
			sourceTree = "<group>";
		};
		477221A42A73F7230023CA57 /* Products */ = {
			isa = PBXGroup;
			children = (
				477221A32A73F7230023CA57 /* baluchon.app */,
				477221B92A73F7240023CA57 /* baluchonTests.xctest */,
				477221C32A73F7240023CA57 /* baluchonUITests.xctest */,
			);
			name = Products;
			sourceTree = "<group>";
		};
		477221A52A73F7230023CA57 /* baluchon */ = {
			isa = PBXGroup;
			children = (
				477221A62A73F7230023CA57 /* AppDelegate.swift */,
				477221A82A73F7230023CA57 /* SceneDelegate.swift */,
				47B6A4D52A946BBA001DA33F /* TabBarControlleur.swift */,
				47F09CA82A853F8C00E52B5E /* Exchange */,
				47B6A4D72A94797E001DA33F /* Translate */,
				478524432A9F015F003DE666 /* Weather */,
				479331262A759ED600952447 /* Common */,
				477221DA2A73FAE20023CA57 /* Ressources */,
			);
			path = baluchon;
			sourceTree = "<group>";
		};
		477221BC2A73F7240023CA57 /* baluchonTests */ = {
			isa = PBXGroup;
			children = (
				47F313B92A930FA90028C38A /* common */,
				47F313B82A930F930028C38A /* exchange */,
				47CAB08D2A95BF8E00B34B38 /* translate */,
				47132B842AA2F88B00761709 /* geocoding */,
				478524422A9F0007003DE666 /* meteo */,
			);
			path = baluchonTests;
			sourceTree = "<group>";
		};
		477221C62A73F7240023CA57 /* baluchonUITests */ = {
			isa = PBXGroup;
			children = (
				470C23452A7A11900044A393 /* ExchangeUITests.swift */,
			);
			path = baluchonUITests;
			sourceTree = "<group>";
		};
		477221D82A73FA7B0023CA57 /* Controller */ = {
			isa = PBXGroup;
			children = (
				470C233E2A7A02540044A393 /* ExchangeController.swift */,
			);
			path = Controller;
			sourceTree = "<group>";
		};
		477221D92A73FAD60023CA57 /* Model */ = {
			isa = PBXGroup;
			children = (
				47A31A062A80A07800ED1A4B /* Exchange.swift */,
				471B64DE2A8CC4A600FFDEEA /* ExchangeRepository.swift */,
			);
			path = Model;
			sourceTree = "<group>";
		};
		477221DA2A73FAE20023CA57 /* Ressources */ = {
			isa = PBXGroup;
			children = (
				477221AF2A73F7230023CA57 /* Assets.xcassets */,
				477221B42A73F7230023CA57 /* Info.plist */,
				477221B12A73F7230023CA57 /* LaunchScreen.storyboard */,
			);
			path = Ressources;
			sourceTree = "<group>";
		};
		478524422A9F0007003DE666 /* meteo */ = {
			isa = PBXGroup;
			children = (
				47D324FF2AA19B81005FB70F /* WeatherRepositoryTest.swift */,
				478524402A9EFFFC003DE666 /* weatherJSON.json */,
			);
			path = meteo;
			sourceTree = "<group>";
		};
		478524432A9F015F003DE666 /* Weather */ = {
			isa = PBXGroup;
			children = (
				478524452A9F01BD003DE666 /* Controller */,
				478524442A9F01B5003DE666 /* Model */,
			);
			path = Weather;
			sourceTree = "<group>";
		};
		478524442A9F01B5003DE666 /* Model */ = {
			isa = PBXGroup;
			children = (
				478524462A9F01D5003DE666 /* WeatherRepository.swift */,
				47132B822AA2F7D100761709 /* GeocodingRepository.swift */,
			);
			path = Model;
			sourceTree = "<group>";
		};
		478524452A9F01BD003DE666 /* Controller */ = {
			isa = PBXGroup;
			children = (
				470AC1C92AA526F4000AD45D /* WeatherPageViewController.swift */,
				47132B802AA2EB0400761709 /* WeatherViewController.swift */,
				4728121F2AA661F3000830A1 /* WeatherCell.swift */,
			);
			path = Controller;
			sourceTree = "<group>";
		};
		479331262A759ED600952447 /* Common */ = {
			isa = PBXGroup;
			children = (
				47F3CB042A7B594D000545A6 /* UIViewController+.swift */,
				479331272A759EF700952447 /* UIColor+.swift */,
				476E8FED2AA77B940099F0DE /* UILabel+.swift */,
				4768BF142A7ED69D005190DC /* UIButton+.swift */,
				47DB13F42A8200E600B4C0C0 /* Network */,
			);
			path = Common;
			sourceTree = "<group>";
		};
		47B6A4D72A94797E001DA33F /* Translate */ = {
			isa = PBXGroup;
			children = (
				47B6A4D82A9479A0001DA33F /* Model */,
				4719B5AB2A97061B00638F4B /* Controller */,
			);
			path = Translate;
			sourceTree = "<group>";
		};
		47B6A4D82A9479A0001DA33F /* Model */ = {
			isa = PBXGroup;
			children = (
				47B6A4D92A9479B6001DA33F /* TranslateRepository.swift */,
				47D05BEA2A9C5F5B00551C81 /* GoogleLanguage.swift */,
			);
			path = Model;
			sourceTree = "<group>";
		};
		47CAB08D2A95BF8E00B34B38 /* translate */ = {
			isa = PBXGroup;
			children = (
				47CAB0902A95C53D00B34B38 /* TranslateRepositoryTest.swift */,
				47CAB08E2A95BFDB00B34B38 /* TranslateJSON.json */,
				47C1B5F02AA90809000DB58C /* TranslateErrorJSON.json */,
			);
			path = translate;
			sourceTree = "<group>";
		};
		47DB13F42A8200E600B4C0C0 /* Network */ = {
			isa = PBXGroup;
			children = (
				47DB13EA2A81FD5D00B4C0C0 /* API.swift */,
				47DB13F22A8200A600B4C0C0 /* Error.swift */,
				47F09CA92A853FEF00E52B5E /* APIKey.swift */,
				470A467A2A906CDC00B22D74 /* HTTPClient.swift */,
			);
			path = Network;
			sourceTree = "<group>";
		};
		47F09CA82A853F8C00E52B5E /* Exchange */ = {
			isa = PBXGroup;
			children = (
				477221D92A73FAD60023CA57 /* Model */,
				477221D82A73FA7B0023CA57 /* Controller */,
			);
			path = Exchange;
			sourceTree = "<group>";
		};
		47F313B82A930F930028C38A /* exchange */ = {
			isa = PBXGroup;
			children = (
				47A31A082A80A10B00ED1A4B /* ExchangeTest.swift */,
				470A46802A907FC900B22D74 /* ExchangeRepositoryTest.swift */,
				471B64E02A8CC98F00FFDEEA /* RatesJSON.json */,
			);
			path = exchange;
			sourceTree = "<group>";
		};
		47F313B92A930FA90028C38A /* common */ = {
			isa = PBXGroup;
			children = (
				470A46822A90855400B22D74 /* TestCase.swift */,
				4728706D2AA97ECC0013DA68 /* APIKeyTest.swift */,
				470A467C2A906F9400B22D74 /* MockURLProtocol.swift */,
				470A467E2A9072B800B22D74 /* HTTPClientTest.swift */,
				47C744D02A91BE39002757DE /* errorJSON.json */,
				477FE1422A82CB6C005C3481 /* testJSON.json */,
			);
			path = common;
			sourceTree = "<group>";
		};
/* End PBXGroup section */

/* Begin PBXNativeTarget section */
		477221A22A73F7230023CA57 /* baluchon */ = {
			isa = PBXNativeTarget;
			buildConfigurationList = 477221CD2A73F7240023CA57 /* Build configuration list for PBXNativeTarget "baluchon" */;
			buildPhases = (
				4772219F2A73F7230023CA57 /* Sources */,
				477221A02A73F7230023CA57 /* Frameworks */,
				477221A12A73F7230023CA57 /* Resources */,
				477221D62A73F8200023CA57 /* ShellScript */,
			);
			buildRules = (
			);
			dependencies = (
			);
			name = baluchon;
			productName = baluchon;
			productReference = 477221A32A73F7230023CA57 /* baluchon.app */;
			productType = "com.apple.product-type.application";
		};
		477221B82A73F7240023CA57 /* baluchonTests */ = {
			isa = PBXNativeTarget;
			buildConfigurationList = 477221D02A73F7240023CA57 /* Build configuration list for PBXNativeTarget "baluchonTests" */;
			buildPhases = (
				477221B52A73F7240023CA57 /* Sources */,
				477221B62A73F7240023CA57 /* Frameworks */,
				477221B72A73F7240023CA57 /* Resources */,
			);
			buildRules = (
			);
			dependencies = (
				477221BB2A73F7240023CA57 /* PBXTargetDependency */,
			);
			name = baluchonTests;
			productName = baluchonTests;
			productReference = 477221B92A73F7240023CA57 /* baluchonTests.xctest */;
			productType = "com.apple.product-type.bundle.unit-test";
		};
		477221C22A73F7240023CA57 /* baluchonUITests */ = {
			isa = PBXNativeTarget;
			buildConfigurationList = 477221D32A73F7240023CA57 /* Build configuration list for PBXNativeTarget "baluchonUITests" */;
			buildPhases = (
				477221BF2A73F7240023CA57 /* Sources */,
				477221C02A73F7240023CA57 /* Frameworks */,
				477221C12A73F7240023CA57 /* Resources */,
			);
			buildRules = (
			);
			dependencies = (
				477221C52A73F7240023CA57 /* PBXTargetDependency */,
			);
			name = baluchonUITests;
			productName = baluchonUITests;
			productReference = 477221C32A73F7240023CA57 /* baluchonUITests.xctest */;
			productType = "com.apple.product-type.bundle.ui-testing";
		};
/* End PBXNativeTarget section */

/* Begin PBXProject section */
		4772219B2A73F7230023CA57 /* Project object */ = {
			isa = PBXProject;
			attributes = {
				BuildIndependentTargetsInParallel = 1;
				LastSwiftUpdateCheck = 1430;
				LastUpgradeCheck = 1430;
				TargetAttributes = {
					477221A22A73F7230023CA57 = {
						CreatedOnToolsVersion = 14.3.1;
					};
					477221B82A73F7240023CA57 = {
						CreatedOnToolsVersion = 14.3.1;
						TestTargetID = 477221A22A73F7230023CA57;
					};
					477221C22A73F7240023CA57 = {
						CreatedOnToolsVersion = 14.3.1;
						LastSwiftMigration = 1430;
						TestTargetID = 477221A22A73F7230023CA57;
					};
				};
			};
			buildConfigurationList = 4772219E2A73F7230023CA57 /* Build configuration list for PBXProject "baluchon" */;
			compatibilityVersion = "Xcode 14.0";
			developmentRegion = en;
			hasScannedForEncodings = 0;
			knownRegions = (
				en,
				Base,
			);
			mainGroup = 4772219A2A73F7230023CA57;
			productRefGroup = 477221A42A73F7230023CA57 /* Products */;
			projectDirPath = "";
			projectRoot = "";
			targets = (
				477221A22A73F7230023CA57 /* baluchon */,
				477221B82A73F7240023CA57 /* baluchonTests */,
				477221C22A73F7240023CA57 /* baluchonUITests */,
			);
		};
/* End PBXProject section */

/* Begin PBXResourcesBuildPhase section */
		477221A12A73F7230023CA57 /* Resources */ = {
			isa = PBXResourcesBuildPhase;
			buildActionMask = 2147483647;
			files = (
				477221B32A73F7230023CA57 /* LaunchScreen.storyboard in Resources */,
				477221B02A73F7230023CA57 /* Assets.xcassets in Resources */,
			);
			runOnlyForDeploymentPostprocessing = 0;
		};
		477221B72A73F7240023CA57 /* Resources */ = {
			isa = PBXResourcesBuildPhase;
			buildActionMask = 2147483647;
			files = (
				47C1B5F12AA90809000DB58C /* TranslateErrorJSON.json in Resources */,
				477FE1432A82CB6C005C3481 /* testJSON.json in Resources */,
				472870702AA9890C0013DA68 /* geocodingErrorJSON.json in Resources */,
				47132B862AA2F8A800761709 /* geocodingJSON.json in Resources */,
				47C744D12A91BE39002757DE /* errorJSON.json in Resources */,
				47CAB08F2A95BFDB00B34B38 /* TranslateJSON.json in Resources */,
				471B64E12A8CC98F00FFDEEA /* RatesJSON.json in Resources */,
				478524412A9EFFFC003DE666 /* weatherJSON.json in Resources */,
			);
			runOnlyForDeploymentPostprocessing = 0;
		};
		477221C12A73F7240023CA57 /* Resources */ = {
			isa = PBXResourcesBuildPhase;
			buildActionMask = 2147483647;
			files = (
			);
			runOnlyForDeploymentPostprocessing = 0;
		};
/* End PBXResourcesBuildPhase section */

/* Begin PBXShellScriptBuildPhase section */
		477221D62A73F8200023CA57 /* ShellScript */ = {
			isa = PBXShellScriptBuildPhase;
			alwaysOutOfDate = 1;
			buildActionMask = 12;
			files = (
			);
			inputFileListPaths = (
			);
			inputPaths = (
			);
			outputFileListPaths = (
			);
			outputPaths = (
			);
			runOnlyForDeploymentPostprocessing = 0;
			shellPath = /bin/sh;
			shellScript = "if [[ \"$(uname -m)\" == arm64 ]]; then\n    export PATH=\"/opt/homebrew/bin:$PATH\"\nfi\n\nif which swiftlint > /dev/null; then\n  swiftlint\nelse\n  echo \"warning: SwiftLint not installed, download from https://github.com/realm/SwiftLint\"\nfi\n";
		};
/* End PBXShellScriptBuildPhase section */

/* Begin PBXSourcesBuildPhase section */
		4772219F2A73F7230023CA57 /* Sources */ = {
			isa = PBXSourcesBuildPhase;
			buildActionMask = 2147483647;
			files = (
				47B6A4D62A946BBA001DA33F /* TabBarControlleur.swift in Sources */,
				479331282A759EF700952447 /* UIColor+.swift in Sources */,
				478524472A9F01D5003DE666 /* WeatherRepository.swift in Sources */,
				47132B832AA2F7D100761709 /* GeocodingRepository.swift in Sources */,
				47B6A4DA2A9479B6001DA33F /* TranslateRepository.swift in Sources */,
				470C233F2A7A02540044A393 /* ExchangeController.swift in Sources */,
				47D05BEB2A9C5F5B00551C81 /* GoogleLanguage.swift in Sources */,
				47DB13F32A8200A600B4C0C0 /* Error.swift in Sources */,
				477221A72A73F7230023CA57 /* AppDelegate.swift in Sources */,
				4768BF152A7ED69D005190DC /* UIButton+.swift in Sources */,
				47A31A072A80A07800ED1A4B /* Exchange.swift in Sources */,
				477625A22A9DA9AF00050EBE /* SelectLanguageController.swift in Sources */,
				4719B5AD2A97068900638F4B /* TranslateController.swift in Sources */,
				477221A92A73F7230023CA57 /* SceneDelegate.swift in Sources */,
				47DB13EB2A81FD5D00B4C0C0 /* API.swift in Sources */,
				470AC1CA2AA526F4000AD45D /* WeatherPageViewController.swift in Sources */,
				476E8FEE2AA77B940099F0DE /* UILabel+.swift in Sources */,
				470A467B2A906CDC00B22D74 /* HTTPClient.swift in Sources */,
				471B64DF2A8CC4A600FFDEEA /* ExchangeRepository.swift in Sources */,
				47F09CAA2A853FEF00E52B5E /* APIKey.swift in Sources */,
				472812202AA661F3000830A1 /* WeatherCell.swift in Sources */,
				47F3CB052A7B594D000545A6 /* UIViewController+.swift in Sources */,
				47132B812AA2EB0400761709 /* WeatherViewController.swift in Sources */,
			);
			runOnlyForDeploymentPostprocessing = 0;
		};
		477221B52A73F7240023CA57 /* Sources */ = {
			isa = PBXSourcesBuildPhase;
			buildActionMask = 2147483647;
			files = (
				470A467F2A9072B800B22D74 /* HTTPClientTest.swift in Sources */,
				470A46832A90855400B22D74 /* TestCase.swift in Sources */,
				47CAB0912A95C53D00B34B38 /* TranslateRepositoryTest.swift in Sources */,
				470A46812A907FC900B22D74 /* ExchangeRepositoryTest.swift in Sources */,
				4728706E2AA97ECC0013DA68 /* APIKeyTest.swift in Sources */,
				47132B882AA2FB3400761709 /* GeocodingRepositoryTest.swift in Sources */,
				470A467D2A906F9400B22D74 /* MockURLProtocol.swift in Sources */,
				47D325002AA19B81005FB70F /* WeatherRepositoryTest.swift in Sources */,
				47A31A092A80A10B00ED1A4B /* ExchangeTest.swift in Sources */,
			);
			runOnlyForDeploymentPostprocessing = 0;
		};
		477221BF2A73F7240023CA57 /* Sources */ = {
			isa = PBXSourcesBuildPhase;
			buildActionMask = 2147483647;
			files = (
				470C23462A7A11900044A393 /* ExchangeUITests.swift in Sources */,
			);
			runOnlyForDeploymentPostprocessing = 0;
		};
/* End PBXSourcesBuildPhase section */

/* Begin PBXTargetDependency section */
		477221BB2A73F7240023CA57 /* PBXTargetDependency */ = {
			isa = PBXTargetDependency;
			target = 477221A22A73F7230023CA57 /* baluchon */;
			targetProxy = 477221BA2A73F7240023CA57 /* PBXContainerItemProxy */;
		};
		477221C52A73F7240023CA57 /* PBXTargetDependency */ = {
			isa = PBXTargetDependency;
			target = 477221A22A73F7230023CA57 /* baluchon */;
			targetProxy = 477221C42A73F7240023CA57 /* PBXContainerItemProxy */;
		};
/* End PBXTargetDependency section */

/* Begin PBXVariantGroup section */
		477221B12A73F7230023CA57 /* LaunchScreen.storyboard */ = {
			isa = PBXVariantGroup;
			children = (
				477221B22A73F7230023CA57 /* Base */,
			);
			name = LaunchScreen.storyboard;
			sourceTree = "<group>";
		};
/* End PBXVariantGroup section */

/* Begin XCBuildConfiguration section */
		477221CB2A73F7240023CA57 /* Debug */ = {
			isa = XCBuildConfiguration;
			buildSettings = {
				ALWAYS_SEARCH_USER_PATHS = NO;
				CLANG_ANALYZER_NONNULL = YES;
				CLANG_ANALYZER_NUMBER_OBJECT_CONVERSION = YES_AGGRESSIVE;
				CLANG_CXX_LANGUAGE_STANDARD = "gnu++20";
				CLANG_ENABLE_MODULES = YES;
				CLANG_ENABLE_OBJC_ARC = YES;
				CLANG_ENABLE_OBJC_WEAK = YES;
				CLANG_WARN_BLOCK_CAPTURE_AUTORELEASING = YES;
				CLANG_WARN_BOOL_CONVERSION = YES;
				CLANG_WARN_COMMA = YES;
				CLANG_WARN_CONSTANT_CONVERSION = YES;
				CLANG_WARN_DEPRECATED_OBJC_IMPLEMENTATIONS = YES;
				CLANG_WARN_DIRECT_OBJC_ISA_USAGE = YES_ERROR;
				CLANG_WARN_DOCUMENTATION_COMMENTS = YES;
				CLANG_WARN_EMPTY_BODY = YES;
				CLANG_WARN_ENUM_CONVERSION = YES;
				CLANG_WARN_INFINITE_RECURSION = YES;
				CLANG_WARN_INT_CONVERSION = YES;
				CLANG_WARN_NON_LITERAL_NULL_CONVERSION = YES;
				CLANG_WARN_OBJC_IMPLICIT_RETAIN_SELF = YES;
				CLANG_WARN_OBJC_LITERAL_CONVERSION = YES;
				CLANG_WARN_OBJC_ROOT_CLASS = YES_ERROR;
				CLANG_WARN_QUOTED_INCLUDE_IN_FRAMEWORK_HEADER = YES;
				CLANG_WARN_RANGE_LOOP_ANALYSIS = YES;
				CLANG_WARN_STRICT_PROTOTYPES = YES;
				CLANG_WARN_SUSPICIOUS_MOVE = YES;
				CLANG_WARN_UNGUARDED_AVAILABILITY = YES_AGGRESSIVE;
				CLANG_WARN_UNREACHABLE_CODE = YES;
				CLANG_WARN__DUPLICATE_METHOD_MATCH = YES;
				COPY_PHASE_STRIP = NO;
				DEBUG_INFORMATION_FORMAT = dwarf;
				ENABLE_STRICT_OBJC_MSGSEND = YES;
				ENABLE_TESTABILITY = YES;
				GCC_C_LANGUAGE_STANDARD = gnu11;
				GCC_DYNAMIC_NO_PIC = NO;
				GCC_NO_COMMON_BLOCKS = YES;
				GCC_OPTIMIZATION_LEVEL = 0;
				GCC_PREPROCESSOR_DEFINITIONS = (
					"DEBUG=1",
					"$(inherited)",
				);
				GCC_WARN_64_TO_32_BIT_CONVERSION = YES;
				GCC_WARN_ABOUT_RETURN_TYPE = YES_ERROR;
				GCC_WARN_UNDECLARED_SELECTOR = YES;
				GCC_WARN_UNINITIALIZED_AUTOS = YES_AGGRESSIVE;
				GCC_WARN_UNUSED_FUNCTION = YES;
				GCC_WARN_UNUSED_VARIABLE = YES;
				INFOPLIST_FILE = baluchon/Ressources/Info.plist;
				IPHONEOS_DEPLOYMENT_TARGET = 14.5;
				MTL_ENABLE_DEBUG_INFO = INCLUDE_SOURCE;
				MTL_FAST_MATH = YES;
				ONLY_ACTIVE_ARCH = YES;
				SDKROOT = iphoneos;
				SWIFT_ACTIVE_COMPILATION_CONDITIONS = DEBUG;
				SWIFT_OPTIMIZATION_LEVEL = "-Onone";
				SWIFT_VERSION = 5.0;
			};
			name = Debug;
		};
		477221CC2A73F7240023CA57 /* Release */ = {
			isa = XCBuildConfiguration;
			buildSettings = {
				ALWAYS_SEARCH_USER_PATHS = NO;
				CLANG_ANALYZER_NONNULL = YES;
				CLANG_ANALYZER_NUMBER_OBJECT_CONVERSION = YES_AGGRESSIVE;
				CLANG_CXX_LANGUAGE_STANDARD = "gnu++20";
				CLANG_ENABLE_MODULES = YES;
				CLANG_ENABLE_OBJC_ARC = YES;
				CLANG_ENABLE_OBJC_WEAK = YES;
				CLANG_WARN_BLOCK_CAPTURE_AUTORELEASING = YES;
				CLANG_WARN_BOOL_CONVERSION = YES;
				CLANG_WARN_COMMA = YES;
				CLANG_WARN_CONSTANT_CONVERSION = YES;
				CLANG_WARN_DEPRECATED_OBJC_IMPLEMENTATIONS = YES;
				CLANG_WARN_DIRECT_OBJC_ISA_USAGE = YES_ERROR;
				CLANG_WARN_DOCUMENTATION_COMMENTS = YES;
				CLANG_WARN_EMPTY_BODY = YES;
				CLANG_WARN_ENUM_CONVERSION = YES;
				CLANG_WARN_INFINITE_RECURSION = YES;
				CLANG_WARN_INT_CONVERSION = YES;
				CLANG_WARN_NON_LITERAL_NULL_CONVERSION = YES;
				CLANG_WARN_OBJC_IMPLICIT_RETAIN_SELF = YES;
				CLANG_WARN_OBJC_LITERAL_CONVERSION = YES;
				CLANG_WARN_OBJC_ROOT_CLASS = YES_ERROR;
				CLANG_WARN_QUOTED_INCLUDE_IN_FRAMEWORK_HEADER = YES;
				CLANG_WARN_RANGE_LOOP_ANALYSIS = YES;
				CLANG_WARN_STRICT_PROTOTYPES = YES;
				CLANG_WARN_SUSPICIOUS_MOVE = YES;
				CLANG_WARN_UNGUARDED_AVAILABILITY = YES_AGGRESSIVE;
				CLANG_WARN_UNREACHABLE_CODE = YES;
				CLANG_WARN__DUPLICATE_METHOD_MATCH = YES;
				COPY_PHASE_STRIP = NO;
				DEBUG_INFORMATION_FORMAT = "dwarf-with-dsym";
				ENABLE_NS_ASSERTIONS = NO;
				ENABLE_STRICT_OBJC_MSGSEND = YES;
				GCC_C_LANGUAGE_STANDARD = gnu11;
				GCC_NO_COMMON_BLOCKS = YES;
				GCC_WARN_64_TO_32_BIT_CONVERSION = YES;
				GCC_WARN_ABOUT_RETURN_TYPE = YES_ERROR;
				GCC_WARN_UNDECLARED_SELECTOR = YES;
				GCC_WARN_UNINITIALIZED_AUTOS = YES_AGGRESSIVE;
				GCC_WARN_UNUSED_FUNCTION = YES;
				GCC_WARN_UNUSED_VARIABLE = YES;
				INFOPLIST_FILE = baluchon/Ressources/Info.plist;
				IPHONEOS_DEPLOYMENT_TARGET = 14.5;
				MTL_ENABLE_DEBUG_INFO = NO;
				MTL_FAST_MATH = YES;
				SDKROOT = iphoneos;
				SWIFT_COMPILATION_MODE = wholemodule;
				SWIFT_OPTIMIZATION_LEVEL = "-O";
				SWIFT_VERSION = 5.0;
				VALIDATE_PRODUCT = YES;
			};
			name = Release;
		};
		477221CE2A73F7240023CA57 /* Debug */ = {
			isa = XCBuildConfiguration;
			buildSettings = {
				ASSETCATALOG_COMPILER_APPICON_NAME = AppIcon;
				ASSETCATALOG_COMPILER_GLOBAL_ACCENT_COLOR_NAME = AccentColor;
				CODE_SIGN_STYLE = Automatic;
				CURRENT_PROJECT_VERSION = 1;
				GENERATE_INFOPLIST_FILE = YES;
				INFOPLIST_FILE = baluchon/Ressources/Info.plist;
				INFOPLIST_KEY_UIApplicationSupportsIndirectInputEvents = YES;
				INFOPLIST_KEY_UILaunchStoryboardName = LaunchScreen;
				INFOPLIST_KEY_UIMainStoryboardFile = "";
				INFOPLIST_KEY_UIStatusBarStyle = "";
				INFOPLIST_KEY_UISupportedInterfaceOrientations = UIInterfaceOrientationPortrait;
				INFOPLIST_KEY_UISupportedInterfaceOrientations_iPad = "UIInterfaceOrientationLandscapeLeft UIInterfaceOrientationLandscapeRight UIInterfaceOrientationPortrait UIInterfaceOrientationPortraitUpsideDown";
				IPHONEOS_DEPLOYMENT_TARGET = 14.0;
				LD_RUNPATH_SEARCH_PATHS = (
					"$(inherited)",
					"@executable_path/Frameworks",
				);
				MARKETING_VERSION = 1.0;
				PRODUCT_BUNDLE_IDENTIFIER = pierrick.baluchon;
				PRODUCT_NAME = "$(TARGET_NAME)";
				SUPPORTED_PLATFORMS = "iphoneos iphonesimulator";
				SUPPORTS_MACCATALYST = NO;
				SUPPORTS_MAC_DESIGNED_FOR_IPHONE_IPAD = NO;
				SWIFT_EMIT_LOC_STRINGS = YES;
				SWIFT_VERSION = 5.0;
				TARGETED_DEVICE_FAMILY = 1;
			};
			name = Debug;
		};
		477221CF2A73F7240023CA57 /* Release */ = {
			isa = XCBuildConfiguration;
			buildSettings = {
				ASSETCATALOG_COMPILER_APPICON_NAME = AppIcon;
				ASSETCATALOG_COMPILER_GLOBAL_ACCENT_COLOR_NAME = AccentColor;
				CODE_SIGN_STYLE = Automatic;
				CURRENT_PROJECT_VERSION = 1;
				GENERATE_INFOPLIST_FILE = YES;
				INFOPLIST_FILE = baluchon/Ressources/Info.plist;
				INFOPLIST_KEY_UIApplicationSupportsIndirectInputEvents = YES;
				INFOPLIST_KEY_UILaunchStoryboardName = LaunchScreen;
				INFOPLIST_KEY_UIMainStoryboardFile = "";
				INFOPLIST_KEY_UIStatusBarStyle = "";
				INFOPLIST_KEY_UISupportedInterfaceOrientations = UIInterfaceOrientationPortrait;
				INFOPLIST_KEY_UISupportedInterfaceOrientations_iPad = "UIInterfaceOrientationLandscapeLeft UIInterfaceOrientationLandscapeRight UIInterfaceOrientationPortrait UIInterfaceOrientationPortraitUpsideDown";
				IPHONEOS_DEPLOYMENT_TARGET = 14.0;
				LD_RUNPATH_SEARCH_PATHS = (
					"$(inherited)",
					"@executable_path/Frameworks",
				);
				MARKETING_VERSION = 1.0;
				PRODUCT_BUNDLE_IDENTIFIER = pierrick.baluchon;
				PRODUCT_NAME = "$(TARGET_NAME)";
				SUPPORTED_PLATFORMS = "iphoneos iphonesimulator";
				SUPPORTS_MACCATALYST = NO;
				SUPPORTS_MAC_DESIGNED_FOR_IPHONE_IPAD = NO;
				SWIFT_EMIT_LOC_STRINGS = YES;
				SWIFT_VERSION = 5.0;
				TARGETED_DEVICE_FAMILY = 1;
			};
			name = Release;
		};
		477221D12A73F7240023CA57 /* Debug */ = {
			isa = XCBuildConfiguration;
			buildSettings = {
				ALWAYS_EMBED_SWIFT_STANDARD_LIBRARIES = YES;
				BUNDLE_LOADER = "$(TEST_HOST)";
				CODE_SIGN_STYLE = Automatic;
				CURRENT_PROJECT_VERSION = 1;
				GENERATE_INFOPLIST_FILE = YES;
				IPHONEOS_DEPLOYMENT_TARGET = 14.0;
				MARKETING_VERSION = 1.0;
				PRODUCT_BUNDLE_IDENTIFIER = pierrick.baluchonTests;
				PRODUCT_NAME = "$(TARGET_NAME)";
				SWIFT_EMIT_LOC_STRINGS = NO;
				SWIFT_VERSION = 5.0;
				TARGETED_DEVICE_FAMILY = "1,2";
				TEST_HOST = "$(BUILT_PRODUCTS_DIR)/baluchon.app/$(BUNDLE_EXECUTABLE_FOLDER_PATH)/baluchon";
			};
			name = Debug;
		};
		477221D22A73F7240023CA57 /* Release */ = {
			isa = XCBuildConfiguration;
			buildSettings = {
				ALWAYS_EMBED_SWIFT_STANDARD_LIBRARIES = YES;
				BUNDLE_LOADER = "$(TEST_HOST)";
				CODE_SIGN_STYLE = Automatic;
				CURRENT_PROJECT_VERSION = 1;
				GENERATE_INFOPLIST_FILE = YES;
				IPHONEOS_DEPLOYMENT_TARGET = 14.0;
				MARKETING_VERSION = 1.0;
				PRODUCT_BUNDLE_IDENTIFIER = pierrick.baluchonTests;
				PRODUCT_NAME = "$(TARGET_NAME)";
				SWIFT_EMIT_LOC_STRINGS = NO;
				SWIFT_VERSION = 5.0;
				TARGETED_DEVICE_FAMILY = "1,2";
				TEST_HOST = "$(BUILT_PRODUCTS_DIR)/baluchon.app/$(BUNDLE_EXECUTABLE_FOLDER_PATH)/baluchon";
			};
			name = Release;
		};
		477221D42A73F7240023CA57 /* Debug */ = {
			isa = XCBuildConfiguration;
			buildSettings = {
				ALWAYS_EMBED_SWIFT_STANDARD_LIBRARIES = YES;
				CLANG_ENABLE_MODULES = YES;
				CODE_SIGN_STYLE = Automatic;
				CURRENT_PROJECT_VERSION = 1;
				GENERATE_INFOPLIST_FILE = YES;
				IPHONEOS_DEPLOYMENT_TARGET = 14.0;
				MARKETING_VERSION = 1.0;
				PRODUCT_BUNDLE_IDENTIFIER = pierrick.baluchonUITests;
				PRODUCT_NAME = "$(TARGET_NAME)";
				SWIFT_EMIT_LOC_STRINGS = NO;
				SWIFT_OPTIMIZATION_LEVEL = "-Onone";
				SWIFT_VERSION = 5.0;
				TARGETED_DEVICE_FAMILY = "1,2";
				TEST_TARGET_NAME = baluchon;
			};
			name = Debug;
		};
		477221D52A73F7240023CA57 /* Release */ = {
			isa = XCBuildConfiguration;
			buildSettings = {
				ALWAYS_EMBED_SWIFT_STANDARD_LIBRARIES = YES;
				CLANG_ENABLE_MODULES = YES;
				CODE_SIGN_STYLE = Automatic;
				CURRENT_PROJECT_VERSION = 1;
				GENERATE_INFOPLIST_FILE = YES;
				IPHONEOS_DEPLOYMENT_TARGET = 14.0;
				MARKETING_VERSION = 1.0;
				PRODUCT_BUNDLE_IDENTIFIER = pierrick.baluchonUITests;
				PRODUCT_NAME = "$(TARGET_NAME)";
				SWIFT_EMIT_LOC_STRINGS = NO;
				SWIFT_VERSION = 5.0;
				TARGETED_DEVICE_FAMILY = "1,2";
				TEST_TARGET_NAME = baluchon;
			};
			name = Release;
		};
/* End XCBuildConfiguration section */

/* Begin XCConfigurationList section */
		4772219E2A73F7230023CA57 /* Build configuration list for PBXProject "baluchon" */ = {
			isa = XCConfigurationList;
			buildConfigurations = (
				477221CB2A73F7240023CA57 /* Debug */,
				477221CC2A73F7240023CA57 /* Release */,
			);
			defaultConfigurationIsVisible = 0;
			defaultConfigurationName = Release;
		};
		477221CD2A73F7240023CA57 /* Build configuration list for PBXNativeTarget "baluchon" */ = {
			isa = XCConfigurationList;
			buildConfigurations = (
				477221CE2A73F7240023CA57 /* Debug */,
				477221CF2A73F7240023CA57 /* Release */,
			);
			defaultConfigurationIsVisible = 0;
			defaultConfigurationName = Release;
		};
		477221D02A73F7240023CA57 /* Build configuration list for PBXNativeTarget "baluchonTests" */ = {
			isa = XCConfigurationList;
			buildConfigurations = (
				477221D12A73F7240023CA57 /* Debug */,
				477221D22A73F7240023CA57 /* Release */,
			);
			defaultConfigurationIsVisible = 0;
			defaultConfigurationName = Release;
		};
		477221D32A73F7240023CA57 /* Build configuration list for PBXNativeTarget "baluchonUITests" */ = {
			isa = XCConfigurationList;
			buildConfigurations = (
				477221D42A73F7240023CA57 /* Debug */,
				477221D52A73F7240023CA57 /* Release */,
			);
			defaultConfigurationIsVisible = 0;
			defaultConfigurationName = Release;
		};
/* End XCConfigurationList section */
	};
	rootObject = 4772219B2A73F7230023CA57 /* Project object */;
}
