// !$*UTF8*$!
{
	archiveVersion = 1;
	classes = {
	};
	objectVersion = 56;
	objects = {

/* Begin PBXBuildFile section */
		470C233F2A7A02540044A393 /* ExchangeController.swift in Sources */ = {isa = PBXBuildFile; fileRef = 470C233E2A7A02540044A393 /* ExchangeController.swift */; };
		470C23412A7A05750044A393 /* Calculator.swift in Sources */ = {isa = PBXBuildFile; fileRef = 470C23402A7A05750044A393 /* Calculator.swift */; };
		470C23432A7A09350044A393 /* CalculatorTest.swift in Sources */ = {isa = PBXBuildFile; fileRef = 470C23422A7A09350044A393 /* CalculatorTest.swift */; };
		470C23462A7A11900044A393 /* baluchonUITests.swift in Sources */ = {isa = PBXBuildFile; fileRef = 470C23452A7A11900044A393 /* baluchonUITests.swift */; };
		477221A72A73F7230023CA57 /* AppDelegate.swift in Sources */ = {isa = PBXBuildFile; fileRef = 477221A62A73F7230023CA57 /* AppDelegate.swift */; };
		477221A92A73F7230023CA57 /* SceneDelegate.swift in Sources */ = {isa = PBXBuildFile; fileRef = 477221A82A73F7230023CA57 /* SceneDelegate.swift */; };
		477221AE2A73F7230023CA57 /* Main.storyboard in Resources */ = {isa = PBXBuildFile; fileRef = 477221AC2A73F7230023CA57 /* Main.storyboard */; };
		477221B02A73F7230023CA57 /* Assets.xcassets in Resources */ = {isa = PBXBuildFile; fileRef = 477221AF2A73F7230023CA57 /* Assets.xcassets */; };
		477221B32A73F7230023CA57 /* LaunchScreen.storyboard in Resources */ = {isa = PBXBuildFile; fileRef = 477221B12A73F7230023CA57 /* LaunchScreen.storyboard */; };
		479331282A759EF700952447 /* UIColor+.swift in Sources */ = {isa = PBXBuildFile; fileRef = 479331272A759EF700952447 /* UIColor+.swift */; };
		4793312A2A75A48A00952447 /* ConverterButton.swift in Sources */ = {isa = PBXBuildFile; fileRef = 479331292A75A48A00952447 /* ConverterButton.swift */; };
/* End PBXBuildFile section */

/* Begin PBXContainerItemProxy section */
		477221BA2A73F7240023CA57 /* PBXContainerItemProxy */ = {
			isa = PBXContainerItemProxy;
			containerPortal = 4772219B2A73F7230023CA57 /* Project object */;
			proxyType = 1;
			remoteGlobalIDString = 477221A22A73F7230023CA57;
			remoteInfo = baluchon;
		};
		477221C42A73F7240023CA57 /* PBXContainerItemProxy */ = {
			isa = PBXContainerItemProxy;
			containerPortal = 4772219B2A73F7230023CA57 /* Project object */;
			proxyType = 1;
			remoteGlobalIDString = 477221A22A73F7230023CA57;
			remoteInfo = baluchon;
		};
/* End PBXContainerItemProxy section */

/* Begin PBXFileReference section */
		470C233E2A7A02540044A393 /* ExchangeController.swift */ = {isa = PBXFileReference; lastKnownFileType = sourcecode.swift; path = ExchangeController.swift; sourceTree = "<group>"; };
		470C23402A7A05750044A393 /* Calculator.swift */ = {isa = PBXFileReference; lastKnownFileType = sourcecode.swift; path = Calculator.swift; sourceTree = "<group>"; };
		470C23422A7A09350044A393 /* CalculatorTest.swift */ = {isa = PBXFileReference; lastKnownFileType = sourcecode.swift; path = CalculatorTest.swift; sourceTree = "<group>"; };
		470C23442A7A107A0044A393 /* baluchon.xctestplan */ = {isa = PBXFileReference; lastKnownFileType = text; path = baluchon.xctestplan; sourceTree = "<group>"; };
		470C23452A7A11900044A393 /* baluchonUITests.swift */ = {isa = PBXFileReference; lastKnownFileType = sourcecode.swift; path = baluchonUITests.swift; sourceTree = "<group>"; };
		477221A32A73F7230023CA57 /* baluchon.app */ = {isa = PBXFileReference; explicitFileType = wrapper.application; includeInIndex = 0; path = baluchon.app; sourceTree = BUILT_PRODUCTS_DIR; };
		477221A62A73F7230023CA57 /* AppDelegate.swift */ = {isa = PBXFileReference; lastKnownFileType = sourcecode.swift; path = AppDelegate.swift; sourceTree = "<group>"; };
		477221A82A73F7230023CA57 /* SceneDelegate.swift */ = {isa = PBXFileReference; lastKnownFileType = sourcecode.swift; path = SceneDelegate.swift; sourceTree = "<group>"; };
		477221AD2A73F7230023CA57 /* Base */ = {isa = PBXFileReference; lastKnownFileType = file.storyboard; name = Base; path = Base.lproj/Main.storyboard; sourceTree = "<group>"; };
		477221AF2A73F7230023CA57 /* Assets.xcassets */ = {isa = PBXFileReference; lastKnownFileType = folder.assetcatalog; path = Assets.xcassets; sourceTree = "<group>"; };
		477221B22A73F7230023CA57 /* Base */ = {isa = PBXFileReference; lastKnownFileType = file.storyboard; name = Base; path = Base.lproj/LaunchScreen.storyboard; sourceTree = "<group>"; };
		477221B42A73F7230023CA57 /* Info.plist */ = {isa = PBXFileReference; lastKnownFileType = text.plist.xml; name = Info.plist; path = baluchon/Ressources/Info.plist; sourceTree = SOURCE_ROOT; };
		477221B92A73F7240023CA57 /* baluchonTests.xctest */ = {isa = PBXFileReference; explicitFileType = wrapper.cfbundle; includeInIndex = 0; path = baluchonTests.xctest; sourceTree = BUILT_PRODUCTS_DIR; };
		477221C32A73F7240023CA57 /* baluchonUITests.xctest */ = {isa = PBXFileReference; explicitFileType = wrapper.cfbundle; includeInIndex = 0; path = baluchonUITests.xctest; sourceTree = BUILT_PRODUCTS_DIR; };
		479331272A759EF700952447 /* UIColor+.swift */ = {isa = PBXFileReference; lastKnownFileType = sourcecode.swift; path = "UIColor+.swift"; sourceTree = "<group>"; };
		479331292A75A48A00952447 /* ConverterButton.swift */ = {isa = PBXFileReference; lastKnownFileType = sourcecode.swift; path = ConverterButton.swift; sourceTree = "<group>"; };
/* End PBXFileReference section */

/* Begin PBXFrameworksBuildPhase section */
		477221A02A73F7230023CA57 /* Frameworks */ = {
			isa = PBXFrameworksBuildPhase;
			buildActionMask = 2147483647;
			files = (
			);
			runOnlyForDeploymentPostprocessing = 0;
		};
		477221B62A73F7240023CA57 /* Frameworks */ = {
			isa = PBXFrameworksBuildPhase;
			buildActionMask = 2147483647;
			files = (
			);
			runOnlyForDeploymentPostprocessing = 0;
		};
		477221C02A73F7240023CA57 /* Frameworks */ = {
			isa = PBXFrameworksBuildPhase;
			buildActionMask = 2147483647;
			files = (
			);
			runOnlyForDeploymentPostprocessing = 0;
		};
/* End PBXFrameworksBuildPhase section */

/* Begin PBXGroup section */
		4772219A2A73F7230023CA57 = {
			isa = PBXGroup;
			children = (
				470C23442A7A107A0044A393 /* baluchon.xctestplan */,
				477221A52A73F7230023CA57 /* baluchon */,
				477221BC2A73F7240023CA57 /* baluchonTests */,
				477221C62A73F7240023CA57 /* baluchonUITests */,
				477221A42A73F7230023CA57 /* Products */,
			);
			sourceTree = "<group>";
		};
		477221A42A73F7230023CA57 /* Products */ = {
			isa = PBXGroup;
			children = (
				477221A32A73F7230023CA57 /* baluchon.app */,
				477221B92A73F7240023CA57 /* baluchonTests.xctest */,
				477221C32A73F7240023CA57 /* baluchonUITests.xctest */,
			);
			name = Products;
			sourceTree = "<group>";
		};
		477221A52A73F7230023CA57 /* baluchon */ = {
			isa = PBXGroup;
			children = (
				477221A62A73F7230023CA57 /* AppDelegate.swift */,
				477221A82A73F7230023CA57 /* SceneDelegate.swift */,
				477221D92A73FAD60023CA57 /* Model */,
				477221D82A73FA7B0023CA57 /* Controller */,
				477221D72A73FA750023CA57 /* View */,
				479331262A759ED600952447 /* Common */,
				477221DA2A73FAE20023CA57 /* Ressources */,
			);
			path = baluchon;
			sourceTree = "<group>";
		};
		477221BC2A73F7240023CA57 /* baluchonTests */ = {
			isa = PBXGroup;
			children = (
				470C23422A7A09350044A393 /* CalculatorTest.swift */,
			);
			path = baluchonTests;
			sourceTree = "<group>";
		};
		477221C62A73F7240023CA57 /* baluchonUITests */ = {
			isa = PBXGroup;
			children = (
				470C23452A7A11900044A393 /* baluchonUITests.swift */,
			);
			path = baluchonUITests;
			sourceTree = "<group>";
		};
		477221D72A73FA750023CA57 /* View */ = {
			isa = PBXGroup;
			children = (
			);
			path = View;
			sourceTree = "<group>";
		};
		477221D82A73FA7B0023CA57 /* Controller */ = {
			isa = PBXGroup;
			children = (
				470C233E2A7A02540044A393 /* ExchangeController.swift */,
			);
			path = Controller;
			sourceTree = "<group>";
		};
		477221D92A73FAD60023CA57 /* Model */ = {
			isa = PBXGroup;
			children = (
				479331292A75A48A00952447 /* ConverterButton.swift */,
				470C23402A7A05750044A393 /* Calculator.swift */,
			);
			path = Model;
			sourceTree = "<group>";
		};
		477221DA2A73FAE20023CA57 /* Ressources */ = {
			isa = PBXGroup;
			children = (
				477221AF2A73F7230023CA57 /* Assets.xcassets */,
				477221B42A73F7230023CA57 /* Info.plist */,
				477221B12A73F7230023CA57 /* LaunchScreen.storyboard */,
				477221AC2A73F7230023CA57 /* Main.storyboard */,
			);
			path = Ressources;
			sourceTree = "<group>";
		};
		479331262A759ED600952447 /* Common */ = {
			isa = PBXGroup;
			children = (
				479331272A759EF700952447 /* UIColor+.swift */,
			);
			path = Common;
			sourceTree = "<group>";
		};
/* End PBXGroup section */

/* Begin PBXNativeTarget section */
		477221A22A73F7230023CA57 /* baluchon */ = {
			isa = PBXNativeTarget;
			buildConfigurationList = 477221CD2A73F7240023CA57 /* Build configuration list for PBXNativeTarget "baluchon" */;
			buildPhases = (
				4772219F2A73F7230023CA57 /* Sources */,
				477221A02A73F7230023CA57 /* Frameworks */,
				477221A12A73F7230023CA57 /* Resources */,
				477221D62A73F8200023CA57 /* ShellScript */,
			);
			buildRules = (
			);
			dependencies = (
			);
			name = baluchon;
			productName = baluchon;
			productReference = 477221A32A73F7230023CA57 /* baluchon.app */;
			productType = "com.apple.product-type.application";
		};
		477221B82A73F7240023CA57 /* baluchonTests */ = {
			isa = PBXNativeTarget;
			buildConfigurationList = 477221D02A73F7240023CA57 /* Build configuration list for PBXNativeTarget "baluchonTests" */;
			buildPhases = (
				477221B52A73F7240023CA57 /* Sources */,
				477221B62A73F7240023CA57 /* Frameworks */,
				477221B72A73F7240023CA57 /* Resources */,
			);
			buildRules = (
			);
			dependencies = (
				477221BB2A73F7240023CA57 /* PBXTargetDependency */,
			);
			name = baluchonTests;
			productName = baluchonTests;
			productReference = 477221B92A73F7240023CA57 /* baluchonTests.xctest */;
			productType = "com.apple.product-type.bundle.unit-test";
		};
		477221C22A73F7240023CA57 /* baluchonUITests */ = {
			isa = PBXNativeTarget;
			buildConfigurationList = 477221D32A73F7240023CA57 /* Build configuration list for PBXNativeTarget "baluchonUITests" */;
			buildPhases = (
				477221BF2A73F7240023CA57 /* Sources */,
				477221C02A73F7240023CA57 /* Frameworks */,
				477221C12A73F7240023CA57 /* Resources */,
			);
			buildRules = (
			);
			dependencies = (
				477221C52A73F7240023CA57 /* PBXTargetDependency */,
			);
			name = baluchonUITests;
			productName = baluchonUITests;
			productReference = 477221C32A73F7240023CA57 /* baluchonUITests.xctest */;
			productType = "com.apple.product-type.bundle.ui-testing";
		};
/* End PBXNativeTarget section */

/* Begin PBXProject section */
		4772219B2A73F7230023CA57 /* Project object */ = {
			isa = PBXProject;
			attributes = {
				BuildIndependentTargetsInParallel = 1;
				LastSwiftUpdateCheck = 1430;
				LastUpgradeCheck = 1430;
				TargetAttributes = {
					477221A22A73F7230023CA57 = {
						CreatedOnToolsVersion = 14.3.1;
					};
					477221B82A73F7240023CA57 = {
						CreatedOnToolsVersion = 14.3.1;
						TestTargetID = 477221A22A73F7230023CA57;
					};
					477221C22A73F7240023CA57 = {
						CreatedOnToolsVersion = 14.3.1;
						LastSwiftMigration = 1430;
						TestTargetID = 477221A22A73F7230023CA57;
					};
				};
			};
			buildConfigurationList = 4772219E2A73F7230023CA57 /* Build configuration list for PBXProject "baluchon" */;
			compatibilityVersion = "Xcode 14.0";
			developmentRegion = en;
			hasScannedForEncodings = 0;
			knownRegions = (
				en,
				Base,
			);
			mainGroup = 4772219A2A73F7230023CA57;
			productRefGroup = 477221A42A73F7230023CA57 /* Products */;
			projectDirPath = "";
			projectRoot = "";
			targets = (
				477221A22A73F7230023CA57 /* baluchon */,
				477221B82A73F7240023CA57 /* baluchonTests */,
				477221C22A73F7240023CA57 /* baluchonUITests */,
			);
		};
/* End PBXProject section */

/* Begin PBXResourcesBuildPhase section */
		477221A12A73F7230023CA57 /* Resources */ = {
			isa = PBXResourcesBuildPhase;
			buildActionMask = 2147483647;
			files = (
				477221B32A73F7230023CA57 /* LaunchScreen.storyboard in Resources */,
				477221B02A73F7230023CA57 /* Assets.xcassets in Resources */,
				477221AE2A73F7230023CA57 /* Main.storyboard in Resources */,
			);
			runOnlyForDeploymentPostprocessing = 0;
		};
		477221B72A73F7240023CA57 /* Resources */ = {
			isa = PBXResourcesBuildPhase;
			buildActionMask = 2147483647;
			files = (
			);
			runOnlyForDeploymentPostprocessing = 0;
		};
		477221C12A73F7240023CA57 /* Resources */ = {
			isa = PBXResourcesBuildPhase;
			buildActionMask = 2147483647;
			files = (
			);
			runOnlyForDeploymentPostprocessing = 0;
		};
/* End PBXResourcesBuildPhase section */

/* Begin PBXShellScriptBuildPhase section */
		477221D62A73F8200023CA57 /* ShellScript */ = {
			isa = PBXShellScriptBuildPhase;
			alwaysOutOfDate = 1;
			buildActionMask = 12;
			files = (
			);
			inputFileListPaths = (
			);
			inputPaths = (
			);
			outputFileListPaths = (
			);
			outputPaths = (
			);
			runOnlyForDeploymentPostprocessing = 0;
			shellPath = /bin/sh;
			shellScript = "if [[ \"$(uname -m)\" == arm64 ]]; then\n    export PATH=\"/opt/homebrew/bin:$PATH\"\nfi\n\nif which swiftlint > /dev/null; then\n  swiftlint\nelse\n  echo \"warning: SwiftLint not installed, download from https://github.com/realm/SwiftLint\"\nfi\n";
		};
/* End PBXShellScriptBuildPhase section */

/* Begin PBXSourcesBuildPhase section */
		4772219F2A73F7230023CA57 /* Sources */ = {
			isa = PBXSourcesBuildPhase;
			buildActionMask = 2147483647;
			files = (
				479331282A759EF700952447 /* UIColor+.swift in Sources */,
				470C233F2A7A02540044A393 /* ExchangeController.swift in Sources */,
				477221A72A73F7230023CA57 /* AppDelegate.swift in Sources */,
				477221A92A73F7230023CA57 /* SceneDelegate.swift in Sources */,
				4793312A2A75A48A00952447 /* ConverterButton.swift in Sources */,
				470C23412A7A05750044A393 /* Calculator.swift in Sources */,
			);
			runOnlyForDeploymentPostprocessing = 0;
		};
		477221B52A73F7240023CA57 /* Sources */ = {
			isa = PBXSourcesBuildPhase;
			buildActionMask = 2147483647;
			files = (
				470C23432A7A09350044A393 /* CalculatorTest.swift in Sources */,
			);
			runOnlyForDeploymentPostprocessing = 0;
		};
		477221BF2A73F7240023CA57 /* Sources */ = {
			isa = PBXSourcesBuildPhase;
			buildActionMask = 2147483647;
			files = (
				470C23462A7A11900044A393 /* baluchonUITests.swift in Sources */,
			);
			runOnlyForDeploymentPostprocessing = 0;
		};
/* End PBXSourcesBuildPhase section */

/* Begin PBXTargetDependency section */
		477221BB2A73F7240023CA57 /* PBXTargetDependency */ = {
			isa = PBXTargetDependency;
			target = 477221A22A73F7230023CA57 /* baluchon */;
			targetProxy = 477221BA2A73F7240023CA57 /* PBXContainerItemProxy */;
		};
		477221C52A73F7240023CA57 /* PBXTargetDependency */ = {
			isa = PBXTargetDependency;
			target = 477221A22A73F7230023CA57 /* baluchon */;
			targetProxy = 477221C42A73F7240023CA57 /* PBXContainerItemProxy */;
		};
/* End PBXTargetDependency section */

/* Begin PBXVariantGroup section */
		477221AC2A73F7230023CA57 /* Main.storyboard */ = {
			isa = PBXVariantGroup;
			children = (
				477221AD2A73F7230023CA57 /* Base */,
			);
			name = Main.storyboard;
			sourceTree = "<group>";
		};
		477221B12A73F7230023CA57 /* LaunchScreen.storyboard */ = {
			isa = PBXVariantGroup;
			children = (
				477221B22A73F7230023CA57 /* Base */,
			);
			name = LaunchScreen.storyboard;
			sourceTree = "<group>";
		};
/* End PBXVariantGroup section */

/* Begin XCBuildConfiguration section */
		477221CB2A73F7240023CA57 /* Debug */ = {
			isa = XCBuildConfiguration;
			buildSettings = {
				ALWAYS_SEARCH_USER_PATHS = NO;
				CLANG_ANALYZER_NONNULL = YES;
				CLANG_ANALYZER_NUMBER_OBJECT_CONVERSION = YES_AGGRESSIVE;
				CLANG_CXX_LANGUAGE_STANDARD = "gnu++20";
				CLANG_ENABLE_MODULES = YES;
				CLANG_ENABLE_OBJC_ARC = YES;
				CLANG_ENABLE_OBJC_WEAK = YES;
				CLANG_WARN_BLOCK_CAPTURE_AUTORELEASING = YES;
				CLANG_WARN_BOOL_CONVERSION = YES;
				CLANG_WARN_COMMA = YES;
				CLANG_WARN_CONSTANT_CONVERSION = YES;
				CLANG_WARN_DEPRECATED_OBJC_IMPLEMENTATIONS = YES;
				CLANG_WARN_DIRECT_OBJC_ISA_USAGE = YES_ERROR;
				CLANG_WARN_DOCUMENTATION_COMMENTS = YES;
				CLANG_WARN_EMPTY_BODY = YES;
				CLANG_WARN_ENUM_CONVERSION = YES;
				CLANG_WARN_INFINITE_RECURSION = YES;
				CLANG_WARN_INT_CONVERSION = YES;
				CLANG_WARN_NON_LITERAL_NULL_CONVERSION = YES;
				CLANG_WARN_OBJC_IMPLICIT_RETAIN_SELF = YES;
				CLANG_WARN_OBJC_LITERAL_CONVERSION = YES;
				CLANG_WARN_OBJC_ROOT_CLASS = YES_ERROR;
				CLANG_WARN_QUOTED_INCLUDE_IN_FRAMEWORK_HEADER = YES;
				CLANG_WARN_RANGE_LOOP_ANALYSIS = YES;
				CLANG_WARN_STRICT_PROTOTYPES = YES;
				CLANG_WARN_SUSPICIOUS_MOVE = YES;
				CLANG_WARN_UNGUARDED_AVAILABILITY = YES_AGGRESSIVE;
				CLANG_WARN_UNREACHABLE_CODE = YES;
				CLANG_WARN__DUPLICATE_METHOD_MATCH = YES;
				COPY_PHASE_STRIP = NO;
				DEBUG_INFORMATION_FORMAT = dwarf;
				ENABLE_STRICT_OBJC_MSGSEND = YES;
				ENABLE_TESTABILITY = YES;
				GCC_C_LANGUAGE_STANDARD = gnu11;
				GCC_DYNAMIC_NO_PIC = NO;
				GCC_NO_COMMON_BLOCKS = YES;
				GCC_OPTIMIZATION_LEVEL = 0;
				GCC_PREPROCESSOR_DEFINITIONS = (
					"DEBUG=1",
					"$(inherited)",
				);
				GCC_WARN_64_TO_32_BIT_CONVERSION = YES;
				GCC_WARN_ABOUT_RETURN_TYPE = YES_ERROR;
				GCC_WARN_UNDECLARED_SELECTOR = YES;
				GCC_WARN_UNINITIALIZED_AUTOS = YES_AGGRESSIVE;
				GCC_WARN_UNUSED_FUNCTION = YES;
				GCC_WARN_UNUSED_VARIABLE = YES;
				INFOPLIST_FILE = baluchon/Ressources/Info.plist;
				IPHONEOS_DEPLOYMENT_TARGET = 16.4;
				MTL_ENABLE_DEBUG_INFO = INCLUDE_SOURCE;
				MTL_FAST_MATH = YES;
				ONLY_ACTIVE_ARCH = YES;
				SDKROOT = iphoneos;
				SWIFT_ACTIVE_COMPILATION_CONDITIONS = DEBUG;
				SWIFT_OPTIMIZATION_LEVEL = "-Onone";
			};
			name = Debug;
		};
		477221CC2A73F7240023CA57 /* Release */ = {
			isa = XCBuildConfiguration;
			buildSettings = {
				ALWAYS_SEARCH_USER_PATHS = NO;
				CLANG_ANALYZER_NONNULL = YES;
				CLANG_ANALYZER_NUMBER_OBJECT_CONVERSION = YES_AGGRESSIVE;
				CLANG_CXX_LANGUAGE_STANDARD = "gnu++20";
				CLANG_ENABLE_MODULES = YES;
				CLANG_ENABLE_OBJC_ARC = YES;
				CLANG_ENABLE_OBJC_WEAK = YES;
				CLANG_WARN_BLOCK_CAPTURE_AUTORELEASING = YES;
				CLANG_WARN_BOOL_CONVERSION = YES;
				CLANG_WARN_COMMA = YES;
				CLANG_WARN_CONSTANT_CONVERSION = YES;
				CLANG_WARN_DEPRECATED_OBJC_IMPLEMENTATIONS = YES;
				CLANG_WARN_DIRECT_OBJC_ISA_USAGE = YES_ERROR;
				CLANG_WARN_DOCUMENTATION_COMMENTS = YES;
				CLANG_WARN_EMPTY_BODY = YES;
				CLANG_WARN_ENUM_CONVERSION = YES;
				CLANG_WARN_INFINITE_RECURSION = YES;
				CLANG_WARN_INT_CONVERSION = YES;
				CLANG_WARN_NON_LITERAL_NULL_CONVERSION = YES;
				CLANG_WARN_OBJC_IMPLICIT_RETAIN_SELF = YES;
				CLANG_WARN_OBJC_LITERAL_CONVERSION = YES;
				CLANG_WARN_OBJC_ROOT_CLASS = YES_ERROR;
				CLANG_WARN_QUOTED_INCLUDE_IN_FRAMEWORK_HEADER = YES;
				CLANG_WARN_RANGE_LOOP_ANALYSIS = YES;
				CLANG_WARN_STRICT_PROTOTYPES = YES;
				CLANG_WARN_SUSPICIOUS_MOVE = YES;
				CLANG_WARN_UNGUARDED_AVAILABILITY = YES_AGGRESSIVE;
				CLANG_WARN_UNREACHABLE_CODE = YES;
				CLANG_WARN__DUPLICATE_METHOD_MATCH = YES;
				COPY_PHASE_STRIP = NO;
				DEBUG_INFORMATION_FORMAT = "dwarf-with-dsym";
				ENABLE_NS_ASSERTIONS = NO;
				ENABLE_STRICT_OBJC_MSGSEND = YES;
				GCC_C_LANGUAGE_STANDARD = gnu11;
				GCC_NO_COMMON_BLOCKS = YES;
				GCC_WARN_64_TO_32_BIT_CONVERSION = YES;
				GCC_WARN_ABOUT_RETURN_TYPE = YES_ERROR;
				GCC_WARN_UNDECLARED_SELECTOR = YES;
				GCC_WARN_UNINITIALIZED_AUTOS = YES_AGGRESSIVE;
				GCC_WARN_UNUSED_FUNCTION = YES;
				GCC_WARN_UNUSED_VARIABLE = YES;
				INFOPLIST_FILE = baluchon/Ressources/Info.plist;
				IPHONEOS_DEPLOYMENT_TARGET = 16.4;
				MTL_ENABLE_DEBUG_INFO = NO;
				MTL_FAST_MATH = YES;
				SDKROOT = iphoneos;
				SWIFT_COMPILATION_MODE = wholemodule;
				SWIFT_OPTIMIZATION_LEVEL = "-O";
				VALIDATE_PRODUCT = YES;
			};
			name = Release;
		};
		477221CE2A73F7240023CA57 /* Debug */ = {
			isa = XCBuildConfiguration;
			buildSettings = {
				ASSETCATALOG_COMPILER_APPICON_NAME = AppIcon;
				ASSETCATALOG_COMPILER_GLOBAL_ACCENT_COLOR_NAME = AccentColor;
				CODE_SIGN_STYLE = Automatic;
				CURRENT_PROJECT_VERSION = 1;
				GENERATE_INFOPLIST_FILE = YES;
				INFOPLIST_FILE = baluchon/Ressources/Info.plist;
				INFOPLIST_KEY_UIApplicationSupportsIndirectInputEvents = YES;
				INFOPLIST_KEY_UILaunchStoryboardName = LaunchScreen;
				INFOPLIST_KEY_UIMainStoryboardFile = Main;
				INFOPLIST_KEY_UIStatusBarStyle = "";
				INFOPLIST_KEY_UISupportedInterfaceOrientations = UIInterfaceOrientationPortrait;
				INFOPLIST_KEY_UISupportedInterfaceOrientations_iPad = "UIInterfaceOrientationLandscapeLeft UIInterfaceOrientationLandscapeRight UIInterfaceOrientationPortrait UIInterfaceOrientationPortraitUpsideDown";
				IPHONEOS_DEPLOYMENT_TARGET = 14.0;
				LD_RUNPATH_SEARCH_PATHS = (
					"$(inherited)",
					"@executable_path/Frameworks",
				);
				MARKETING_VERSION = 1.0;
				PRODUCT_BUNDLE_IDENTIFIER = pierrick.baluchon;
				PRODUCT_NAME = "$(TARGET_NAME)";
				SUPPORTED_PLATFORMS = "iphoneos iphonesimulator";
				SUPPORTS_MACCATALYST = NO;
				SUPPORTS_MAC_DESIGNED_FOR_IPHONE_IPAD = NO;
				SWIFT_EMIT_LOC_STRINGS = YES;
				SWIFT_VERSION = 5.0;
				TARGETED_DEVICE_FAMILY = 1;
			};
			name = Debug;
		};
		477221CF2A73F7240023CA57 /* Release */ = {
			isa = XCBuildConfiguration;
			buildSettings = {
				ASSETCATALOG_COMPILER_APPICON_NAME = AppIcon;
				ASSETCATALOG_COMPILER_GLOBAL_ACCENT_COLOR_NAME = AccentColor;
				CODE_SIGN_STYLE = Automatic;
				CURRENT_PROJECT_VERSION = 1;
				GENERATE_INFOPLIST_FILE = YES;
				INFOPLIST_FILE = baluchon/Ressources/Info.plist;
				INFOPLIST_KEY_UIApplicationSupportsIndirectInputEvents = YES;
				INFOPLIST_KEY_UILaunchStoryboardName = LaunchScreen;
				INFOPLIST_KEY_UIMainStoryboardFile = Main;
				INFOPLIST_KEY_UIStatusBarStyle = "";
				INFOPLIST_KEY_UISupportedInterfaceOrientations = UIInterfaceOrientationPortrait;
				INFOPLIST_KEY_UISupportedInterfaceOrientations_iPad = "UIInterfaceOrientationLandscapeLeft UIInterfaceOrientationLandscapeRight UIInterfaceOrientationPortrait UIInterfaceOrientationPortraitUpsideDown";
				IPHONEOS_DEPLOYMENT_TARGET = 14.0;
				LD_RUNPATH_SEARCH_PATHS = (
					"$(inherited)",
					"@executable_path/Frameworks",
				);
				MARKETING_VERSION = 1.0;
				PRODUCT_BUNDLE_IDENTIFIER = pierrick.baluchon;
				PRODUCT_NAME = "$(TARGET_NAME)";
				SUPPORTED_PLATFORMS = "iphoneos iphonesimulator";
				SUPPORTS_MACCATALYST = NO;
				SUPPORTS_MAC_DESIGNED_FOR_IPHONE_IPAD = NO;
				SWIFT_EMIT_LOC_STRINGS = YES;
				SWIFT_VERSION = 5.0;
				TARGETED_DEVICE_FAMILY = 1;
			};
			name = Release;
		};
		477221D12A73F7240023CA57 /* Debug */ = {
			isa = XCBuildConfiguration;
			buildSettings = {
				ALWAYS_EMBED_SWIFT_STANDARD_LIBRARIES = YES;
				BUNDLE_LOADER = "$(TEST_HOST)";
				CODE_SIGN_STYLE = Automatic;
				CURRENT_PROJECT_VERSION = 1;
				GENERATE_INFOPLIST_FILE = YES;
				IPHONEOS_DEPLOYMENT_TARGET = 16.4;
				MARKETING_VERSION = 1.0;
				PRODUCT_BUNDLE_IDENTIFIER = pierrick.baluchonTests;
				PRODUCT_NAME = "$(TARGET_NAME)";
				SWIFT_EMIT_LOC_STRINGS = NO;
				SWIFT_VERSION = 5.0;
				TARGETED_DEVICE_FAMILY = "1,2";
				TEST_HOST = "$(BUILT_PRODUCTS_DIR)/baluchon.app/$(BUNDLE_EXECUTABLE_FOLDER_PATH)/baluchon";
			};
			name = Debug;
		};
		477221D22A73F7240023CA57 /* Release */ = {
			isa = XCBuildConfiguration;
			buildSettings = {
				ALWAYS_EMBED_SWIFT_STANDARD_LIBRARIES = YES;
				BUNDLE_LOADER = "$(TEST_HOST)";
				CODE_SIGN_STYLE = Automatic;
				CURRENT_PROJECT_VERSION = 1;
				GENERATE_INFOPLIST_FILE = YES;
				IPHONEOS_DEPLOYMENT_TARGET = 16.4;
				MARKETING_VERSION = 1.0;
				PRODUCT_BUNDLE_IDENTIFIER = pierrick.baluchonTests;
				PRODUCT_NAME = "$(TARGET_NAME)";
				SWIFT_EMIT_LOC_STRINGS = NO;
				SWIFT_VERSION = 5.0;
				TARGETED_DEVICE_FAMILY = "1,2";
				TEST_HOST = "$(BUILT_PRODUCTS_DIR)/baluchon.app/$(BUNDLE_EXECUTABLE_FOLDER_PATH)/baluchon";
			};
			name = Release;
		};
		477221D42A73F7240023CA57 /* Debug */ = {
			isa = XCBuildConfiguration;
			buildSettings = {
				ALWAYS_EMBED_SWIFT_STANDARD_LIBRARIES = YES;
				CLANG_ENABLE_MODULES = YES;
				CODE_SIGN_STYLE = Automatic;
				CURRENT_PROJECT_VERSION = 1;
				GENERATE_INFOPLIST_FILE = YES;
				MARKETING_VERSION = 1.0;
				PRODUCT_BUNDLE_IDENTIFIER = pierrick.baluchonUITests;
				PRODUCT_NAME = "$(TARGET_NAME)";
				SWIFT_EMIT_LOC_STRINGS = NO;
				SWIFT_OPTIMIZATION_LEVEL = "-Onone";
				SWIFT_VERSION = 5.0;
				TARGETED_DEVICE_FAMILY = "1,2";
				TEST_TARGET_NAME = baluchon;
			};
			name = Debug;
		};
		477221D52A73F7240023CA57 /* Release */ = {
			isa = XCBuildConfiguration;
			buildSettings = {
				ALWAYS_EMBED_SWIFT_STANDARD_LIBRARIES = YES;
				CLANG_ENABLE_MODULES = YES;
				CODE_SIGN_STYLE = Automatic;
				CURRENT_PROJECT_VERSION = 1;
				GENERATE_INFOPLIST_FILE = YES;
				MARKETING_VERSION = 1.0;
				PRODUCT_BUNDLE_IDENTIFIER = pierrick.baluchonUITests;
				PRODUCT_NAME = "$(TARGET_NAME)";
				SWIFT_EMIT_LOC_STRINGS = NO;
				SWIFT_VERSION = 5.0;
				TARGETED_DEVICE_FAMILY = "1,2";
				TEST_TARGET_NAME = baluchon;
			};
			name = Release;
		};
/* End XCBuildConfiguration section */

/* Begin XCConfigurationList section */
		4772219E2A73F7230023CA57 /* Build configuration list for PBXProject "baluchon" */ = {
			isa = XCConfigurationList;
			buildConfigurations = (
				477221CB2A73F7240023CA57 /* Debug */,
				477221CC2A73F7240023CA57 /* Release */,
			);
			defaultConfigurationIsVisible = 0;
			defaultConfigurationName = Release;
		};
		477221CD2A73F7240023CA57 /* Build configuration list for PBXNativeTarget "baluchon" */ = {
			isa = XCConfigurationList;
			buildConfigurations = (
				477221CE2A73F7240023CA57 /* Debug */,
				477221CF2A73F7240023CA57 /* Release */,
			);
			defaultConfigurationIsVisible = 0;
			defaultConfigurationName = Release;
		};
		477221D02A73F7240023CA57 /* Build configuration list for PBXNativeTarget "baluchonTests" */ = {
			isa = XCConfigurationList;
			buildConfigurations = (
				477221D12A73F7240023CA57 /* Debug */,
				477221D22A73F7240023CA57 /* Release */,
			);
			defaultConfigurationIsVisible = 0;
			defaultConfigurationName = Release;
		};
		477221D32A73F7240023CA57 /* Build configuration list for PBXNativeTarget "baluchonUITests" */ = {
			isa = XCConfigurationList;
			buildConfigurations = (
				477221D42A73F7240023CA57 /* Debug */,
				477221D52A73F7240023CA57 /* Release */,
			);
			defaultConfigurationIsVisible = 0;
			defaultConfigurationName = Release;
		};
/* End XCConfigurationList section */
	};
	rootObject = 4772219B2A73F7230023CA57 /* Project object */;
}
